
Microsoft Visual Studio Solution File, Format Version 12.00
# Visual Studio Version 17
VisualStudioVersion = 17.0.31903.59
MinimumVisualStudioVersion = 10.0.40219.1
Project("{FAE04EC0-301F-11D3-BF4B-00C04F79EFBC}") = "Day01", "Day01\Day01.csproj", "{A14E2D45-FCFC-47AA-A978-9E8E47ED39F6}"
EndProject
Project("{FAE04EC0-301F-11D3-BF4B-00C04F79EFBC}") = "Day01_1", "Day01_1\Day01_1.csproj", "{E21DF911-E43F-4F3A-8118-122C22C6804A}"
EndProject
Project("{FAE04EC0-301F-11D3-BF4B-00C04F79EFBC}") = "Day02", "Day02\Day02.csproj", "{A034D764-6E0F-4C17-AAA7-560ACFF5BA6E}"
EndProject
Project("{FAE04EC0-301F-11D3-BF4B-00C04F79EFBC}") = "Day03", "Day03\Day03.csproj", "{03BB3C3F-7FDB-4063-9CD5-EA6A25872A86}"
EndProject
Project("{FAE04EC0-301F-11D3-BF4B-00C04F79EFBC}") = "Day04", "Day04\Day04.csproj", "{82F8BA2A-8103-4C46-B24B-D40D2299AB98}"
EndProject
Project("{FAE04EC0-301F-11D3-BF4B-00C04F79EFBC}") = "Day04_1", "Day04_1\Day04_1.csproj", "{023FA863-527D-469F-9351-2A03C1D14E66}"
EndProject
Project("{FAE04EC0-301F-11D3-BF4B-00C04F79EFBC}") = "Day05", "Day05\Day05.csproj", "{E8E55DFC-5C15-4EFB-8EB7-4E943585D254}"
EndProject
Project("{FAE04EC0-301F-11D3-BF4B-00C04F79EFBC}") = "Day06", "Day06\Day06.csproj", "{329BBE16-C806-43AF-8E92-B3BF282806B0}"
EndProject
Project("{FAE04EC0-301F-11D3-BF4B-00C04F79EFBC}") = "Day07", "Day07\Day07.csproj", "{2AD3FC0F-0407-445F-B925-63BBEBE7968A}"
EndProject
Project("{FAE04EC0-301F-11D3-BF4B-00C04F79EFBC}") = "Day08", "Day08\Day08.csproj", "{7A394866-2D9B-4878-B5D2-49597549B690}"
EndProject
Project("{FAE04EC0-301F-11D3-BF4B-00C04F79EFBC}") = "Day09", "Day09\Day09.csproj", "{949E2297-CADF-481F-9F11-FE66B8CC0E5C}"
EndProject
Global
	GlobalSection(SolutionConfigurationPlatforms) = preSolution
		Debug|Any CPU = Debug|Any CPU
		Release|Any CPU = Release|Any CPU
	EndGlobalSection
	GlobalSection(SolutionProperties) = preSolution
		HideSolutionNode = FALSE
	EndGlobalSection
	GlobalSection(ProjectConfigurationPlatforms) = postSolution
		{A14E2D45-FCFC-47AA-A978-9E8E47ED39F6}.Debug|Any CPU.ActiveCfg = Debug|Any CPU
		{A14E2D45-FCFC-47AA-A978-9E8E47ED39F6}.Debug|Any CPU.Build.0 = Debug|Any CPU
		{A14E2D45-FCFC-47AA-A978-9E8E47ED39F6}.Release|Any CPU.ActiveCfg = Release|Any CPU
		{A14E2D45-FCFC-47AA-A978-9E8E47ED39F6}.Release|Any CPU.Build.0 = Release|Any CPU
		{E21DF911-E43F-4F3A-8118-122C22C6804A}.Debug|Any CPU.ActiveCfg = Debug|Any CPU
		{E21DF911-E43F-4F3A-8118-122C22C6804A}.Debug|Any CPU.Build.0 = Debug|Any CPU
		{E21DF911-E43F-4F3A-8118-122C22C6804A}.Release|Any CPU.ActiveCfg = Release|Any CPU
		{E21DF911-E43F-4F3A-8118-122C22C6804A}.Release|Any CPU.Build.0 = Release|Any CPU
		{A034D764-6E0F-4C17-AAA7-560ACFF5BA6E}.Debug|Any CPU.ActiveCfg = Debug|Any CPU
		{A034D764-6E0F-4C17-AAA7-560ACFF5BA6E}.Debug|Any CPU.Build.0 = Debug|Any CPU
		{A034D764-6E0F-4C17-AAA7-560ACFF5BA6E}.Release|Any CPU.ActiveCfg = Release|Any CPU
		{A034D764-6E0F-4C17-AAA7-560ACFF5BA6E}.Release|Any CPU.Build.0 = Release|Any CPU
		{03BB3C3F-7FDB-4063-9CD5-EA6A25872A86}.Debug|Any CPU.ActiveCfg = Debug|Any CPU
		{03BB3C3F-7FDB-4063-9CD5-EA6A25872A86}.Debug|Any CPU.Build.0 = Debug|Any CPU
		{03BB3C3F-7FDB-4063-9CD5-EA6A25872A86}.Release|Any CPU.ActiveCfg = Release|Any CPU
		{03BB3C3F-7FDB-4063-9CD5-EA6A25872A86}.Release|Any CPU.Build.0 = Release|Any CPU
		{82F8BA2A-8103-4C46-B24B-D40D2299AB98}.Debug|Any CPU.ActiveCfg = Debug|Any CPU
		{82F8BA2A-8103-4C46-B24B-D40D2299AB98}.Debug|Any CPU.Build.0 = Debug|Any CPU
		{82F8BA2A-8103-4C46-B24B-D40D2299AB98}.Release|Any CPU.ActiveCfg = Release|Any CPU
		{82F8BA2A-8103-4C46-B24B-D40D2299AB98}.Release|Any CPU.Build.0 = Release|Any CPU
		{023FA863-527D-469F-9351-2A03C1D14E66}.Debug|Any CPU.ActiveCfg = Debug|Any CPU
		{023FA863-527D-469F-9351-2A03C1D14E66}.Debug|Any CPU.Build.0 = Debug|Any CPU
		{023FA863-527D-469F-9351-2A03C1D14E66}.Release|Any CPU.ActiveCfg = Release|Any CPU
		{023FA863-527D-469F-9351-2A03C1D14E66}.Release|Any CPU.Build.0 = Release|Any CPU
		{E8E55DFC-5C15-4EFB-8EB7-4E943585D254}.Debug|Any CPU.ActiveCfg = Debug|Any CPU
		{E8E55DFC-5C15-4EFB-8EB7-4E943585D254}.Debug|Any CPU.Build.0 = Debug|Any CPU
		{E8E55DFC-5C15-4EFB-8EB7-4E943585D254}.Release|Any CPU.ActiveCfg = Release|Any CPU
		{E8E55DFC-5C15-4EFB-8EB7-4E943585D254}.Release|Any CPU.Build.0 = Release|Any CPU
		{329BBE16-C806-43AF-8E92-B3BF282806B0}.Debug|Any CPU.ActiveCfg = Debug|Any CPU
		{329BBE16-C806-43AF-8E92-B3BF282806B0}.Debug|Any CPU.Build.0 = Debug|Any CPU
		{329BBE16-C806-43AF-8E92-B3BF282806B0}.Release|Any CPU.ActiveCfg = Release|Any CPU
		{329BBE16-C806-43AF-8E92-B3BF282806B0}.Release|Any CPU.Build.0 = Release|Any CPU
		{2AD3FC0F-0407-445F-B925-63BBEBE7968A}.Debug|Any CPU.ActiveCfg = Debug|Any CPU
		{2AD3FC0F-0407-445F-B925-63BBEBE7968A}.Debug|Any CPU.Build.0 = Debug|Any CPU
		{2AD3FC0F-0407-445F-B925-63BBEBE7968A}.Release|Any CPU.ActiveCfg = Release|Any CPU
		{2AD3FC0F-0407-445F-B925-63BBEBE7968A}.Release|Any CPU.Build.0 = Release|Any CPU
		{7A394866-2D9B-4878-B5D2-49597549B690}.Debug|Any CPU.ActiveCfg = Debug|Any CPU
		{7A394866-2D9B-4878-B5D2-49597549B690}.Debug|Any CPU.Build.0 = Debug|Any CPU
		{7A394866-2D9B-4878-B5D2-49597549B690}.Release|Any CPU.ActiveCfg = Release|Any CPU
		{7A394866-2D9B-4878-B5D2-49597549B690}.Release|Any CPU.Build.0 = Release|Any CPU
		{949E2297-CADF-481F-9F11-FE66B8CC0E5C}.Debug|Any CPU.ActiveCfg = Debug|Any CPU
		{949E2297-CADF-481F-9F11-FE66B8CC0E5C}.Debug|Any CPU.Build.0 = Debug|Any CPU
		{949E2297-CADF-481F-9F11-FE66B8CC0E5C}.Release|Any CPU.ActiveCfg = Release|Any CPU
		{949E2297-CADF-481F-9F11-FE66B8CC0E5C}.Release|Any CPU.Build.0 = Release|Any CPU
	EndGlobalSection
EndGlobal
