
Microsoft Visual Studio Solution File, Format Version 12.00
# Visual Studio Version 17
VisualStudioVersion = 17.0.31903.59
MinimumVisualStudioVersion = 10.0.40219.1
Project("{FAE04EC0-301F-11D3-BF4B-00C04F79EFBC}") = "Day01", "Day01\Day01.csproj", "{A14E2D45-FCFC-47AA-A978-9E8E47ED39F6}"
EndProject
Project("{FAE04EC0-301F-11D3-BF4B-00C04F79EFBC}") = "Day01_1", "Day01_1\Day01_1.csproj", "{E21DF911-E43F-4F3A-8118-122C22C6804A}"
EndProject
Project("{FAE04EC0-301F-11D3-BF4B-00C04F79EFBC}") = "Day02", "Day02\Day02.csproj", "{A034D764-6E0F-4C17-AAA7-560ACFF5BA6E}"
EndProject
Project("{FAE04EC0-301F-11D3-BF4B-00C04F79EFBC}") = "Day03", "Day03\Day03.csproj", "{03BB3C3F-7FDB-4063-9CD5-EA6A25872A86}"
EndProject
Project("{FAE04EC0-301F-11D3-BF4B-00C04F79EFBC}") = "Day04", "Day04\Day04.csproj", "{82F8BA2A-8103-4C46-B24B-D40D2299AB98}"
EndProject
Project("{FAE04EC0-301F-11D3-BF4B-00C04F79EFBC}") = "Day04_1", "Day04_1\Day04_1.csproj", "{023FA863-527D-469F-9351-2A03C1D14E66}"
EndProject
Project("{FAE04EC0-301F-11D3-BF4B-00C04F79EFBC}") = "Day05", "Day05\Day05.csproj", "{E8E55DFC-5C15-4EFB-8EB7-4E943585D254}"
EndProject
Project("{FAE04EC0-301F-11D3-BF4B-00C04F79EFBC}") = "Day06", "Day06\Day06.csproj", "{329BBE16-C806-43AF-8E92-B3BF282806B0}"
EndProject
Project("{FAE04EC0-301F-11D3-BF4B-00C04F79EFBC}") = "Day07", "Day07\Day07.csproj", "{2AD3FC0F-0407-445F-B925-63BBEBE7968A}"
EndProject
Project("{FAE04EC0-301F-11D3-BF4B-00C04F79EFBC}") = "Day08", "Day08\Day08.csproj", "{7A394866-2D9B-4878-B5D2-49597549B690}"
EndProject
Project("{FAE04EC0-301F-11D3-BF4B-00C04F79EFBC}") = "Day09", "Day09\Day09.csproj", "{949E2297-CADF-481F-9F11-FE66B8CC0E5C}"
EndProject
Project("{FAE04EC0-301F-11D3-BF4B-00C04F79EFBC}") = "Domino", "Domino\Domino.csproj", "{CB8EEB6D-81B0-433D-A8FC-D9E9CB6F7D5E}"
EndProject
Project("{FAE04EC0-301F-11D3-BF4B-00C04F79EFBC}") = "Day10GarbageCollection", "Day10GarbageCollection\Day10GarbageCollection.csproj", "{C8C8C475-A5F9-4414-920F-19DBED5B4753}"
EndProject
Project("{FAE04EC0-301F-11D3-BF4B-00C04F79EFBC}") = "Day11Diagnostics", "Day11Diagnostics\Day11Diagnostics.csproj", "{F6CFB6CB-6A8F-4566-81A2-28E78B0AA789}"
EndProject
Project("{FAE04EC0-301F-11D3-BF4B-00C04F79EFBC}") = "Day12Benchmark", "Day12Benchmark\Day12Benchmark.csproj", "{61FB3D9A-B78F-4B01-9301-86D20DE48B6A}"
EndProject
Project("{FAE04EC0-301F-11D3-BF4B-00C04F79EFBC}") = "Day13AsyncAwait", "Day13AsyncAwait\Day13AsyncAwait.csproj", "{445BFD14-E6B2-4D0F-B95D-85DA44625F81}"
EndProject
Project("{FAE04EC0-301F-11D3-BF4B-00C04F79EFBC}") = "Day14FileStream", "Day14FileStream\Day14FileStream.csproj", "{EE749B3F-4765-4FDC-B00E-F16C71BA12D6}"
EndProject
Project("{FAE04EC0-301F-11D3-BF4B-00C04F79EFBC}") = "Day14XMLSerialization", "Day14XMLSerialization\Day14XMLSerialization.csproj", "{F31ADC0A-2392-420A-862A-07D03F7B387A}"
EndProject
Project("{FAE04EC0-301F-11D3-BF4B-00C04F79EFBC}") = "Day14JSONSer", "Day14JSONSer\Day14JSONSer.csproj", "{59231A63-4140-42FE-A2F8-8D89E16D70B7}"
EndProject
Project("{FAE04EC0-301F-11D3-BF4B-00C04F79EFBC}") = "Day15", "Day15\Day15.csproj", "{3F254534-8490-4DD6-BC95-A272C715614F}"
EndProject
Project("{FAE04EC0-301F-11D3-BF4B-00C04F79EFBC}") = "Log4net", "Log4net.cs\Log4net.csproj", "{1965A8EE-52DA-4E69-93CF-B509627616BF}"
EndProject
Project("{FAE04EC0-301F-11D3-BF4B-00C04F79EFBC}") = "log4nettutor", "log4nettutor\log4nettutor.csproj", "{0802FC45-B1E7-44F9-8F2A-D43C6A3A2CD0}"
EndProject
Global
	GlobalSection(SolutionConfigurationPlatforms) = preSolution
		Debug|Any CPU = Debug|Any CPU
		Release|Any CPU = Release|Any CPU
	EndGlobalSection
	GlobalSection(SolutionProperties) = preSolution
		HideSolutionNode = FALSE
	EndGlobalSection
	GlobalSection(ProjectConfigurationPlatforms) = postSolution
		{A14E2D45-FCFC-47AA-A978-9E8E47ED39F6}.Debug|Any CPU.ActiveCfg = Debug|Any CPU
		{A14E2D45-FCFC-47AA-A978-9E8E47ED39F6}.Debug|Any CPU.Build.0 = Debug|Any CPU
		{A14E2D45-FCFC-47AA-A978-9E8E47ED39F6}.Release|Any CPU.ActiveCfg = Release|Any CPU
		{A14E2D45-FCFC-47AA-A978-9E8E47ED39F6}.Release|Any CPU.Build.0 = Release|Any CPU
		{E21DF911-E43F-4F3A-8118-122C22C6804A}.Debug|Any CPU.ActiveCfg = Debug|Any CPU
		{E21DF911-E43F-4F3A-8118-122C22C6804A}.Debug|Any CPU.Build.0 = Debug|Any CPU
		{E21DF911-E43F-4F3A-8118-122C22C6804A}.Release|Any CPU.ActiveCfg = Release|Any CPU
		{E21DF911-E43F-4F3A-8118-122C22C6804A}.Release|Any CPU.Build.0 = Release|Any CPU
		{A034D764-6E0F-4C17-AAA7-560ACFF5BA6E}.Debug|Any CPU.ActiveCfg = Debug|Any CPU
		{A034D764-6E0F-4C17-AAA7-560ACFF5BA6E}.Debug|Any CPU.Build.0 = Debug|Any CPU
		{A034D764-6E0F-4C17-AAA7-560ACFF5BA6E}.Release|Any CPU.ActiveCfg = Release|Any CPU
		{A034D764-6E0F-4C17-AAA7-560ACFF5BA6E}.Release|Any CPU.Build.0 = Release|Any CPU
		{03BB3C3F-7FDB-4063-9CD5-EA6A25872A86}.Debug|Any CPU.ActiveCfg = Debug|Any CPU
		{03BB3C3F-7FDB-4063-9CD5-EA6A25872A86}.Debug|Any CPU.Build.0 = Debug|Any CPU
		{03BB3C3F-7FDB-4063-9CD5-EA6A25872A86}.Release|Any CPU.ActiveCfg = Release|Any CPU
		{03BB3C3F-7FDB-4063-9CD5-EA6A25872A86}.Release|Any CPU.Build.0 = Release|Any CPU
		{82F8BA2A-8103-4C46-B24B-D40D2299AB98}.Debug|Any CPU.ActiveCfg = Debug|Any CPU
		{82F8BA2A-8103-4C46-B24B-D40D2299AB98}.Debug|Any CPU.Build.0 = Debug|Any CPU
		{82F8BA2A-8103-4C46-B24B-D40D2299AB98}.Release|Any CPU.ActiveCfg = Release|Any CPU
		{82F8BA2A-8103-4C46-B24B-D40D2299AB98}.Release|Any CPU.Build.0 = Release|Any CPU
		{023FA863-527D-469F-9351-2A03C1D14E66}.Debug|Any CPU.ActiveCfg = Debug|Any CPU
		{023FA863-527D-469F-9351-2A03C1D14E66}.Debug|Any CPU.Build.0 = Debug|Any CPU
		{023FA863-527D-469F-9351-2A03C1D14E66}.Release|Any CPU.ActiveCfg = Release|Any CPU
		{023FA863-527D-469F-9351-2A03C1D14E66}.Release|Any CPU.Build.0 = Release|Any CPU
		{E8E55DFC-5C15-4EFB-8EB7-4E943585D254}.Debug|Any CPU.ActiveCfg = Debug|Any CPU
		{E8E55DFC-5C15-4EFB-8EB7-4E943585D254}.Debug|Any CPU.Build.0 = Debug|Any CPU
		{E8E55DFC-5C15-4EFB-8EB7-4E943585D254}.Release|Any CPU.ActiveCfg = Release|Any CPU
		{E8E55DFC-5C15-4EFB-8EB7-4E943585D254}.Release|Any CPU.Build.0 = Release|Any CPU
		{329BBE16-C806-43AF-8E92-B3BF282806B0}.Debug|Any CPU.ActiveCfg = Debug|Any CPU
		{329BBE16-C806-43AF-8E92-B3BF282806B0}.Debug|Any CPU.Build.0 = Debug|Any CPU
		{329BBE16-C806-43AF-8E92-B3BF282806B0}.Release|Any CPU.ActiveCfg = Release|Any CPU
		{329BBE16-C806-43AF-8E92-B3BF282806B0}.Release|Any CPU.Build.0 = Release|Any CPU
		{2AD3FC0F-0407-445F-B925-63BBEBE7968A}.Debug|Any CPU.ActiveCfg = Debug|Any CPU
		{2AD3FC0F-0407-445F-B925-63BBEBE7968A}.Debug|Any CPU.Build.0 = Debug|Any CPU
		{2AD3FC0F-0407-445F-B925-63BBEBE7968A}.Release|Any CPU.ActiveCfg = Release|Any CPU
		{2AD3FC0F-0407-445F-B925-63BBEBE7968A}.Release|Any CPU.Build.0 = Release|Any CPU
		{7A394866-2D9B-4878-B5D2-49597549B690}.Debug|Any CPU.ActiveCfg = Debug|Any CPU
		{7A394866-2D9B-4878-B5D2-49597549B690}.Debug|Any CPU.Build.0 = Debug|Any CPU
		{7A394866-2D9B-4878-B5D2-49597549B690}.Release|Any CPU.ActiveCfg = Release|Any CPU
		{7A394866-2D9B-4878-B5D2-49597549B690}.Release|Any CPU.Build.0 = Release|Any CPU
		{949E2297-CADF-481F-9F11-FE66B8CC0E5C}.Debug|Any CPU.ActiveCfg = Debug|Any CPU
		{949E2297-CADF-481F-9F11-FE66B8CC0E5C}.Debug|Any CPU.Build.0 = Debug|Any CPU
		{949E2297-CADF-481F-9F11-FE66B8CC0E5C}.Release|Any CPU.ActiveCfg = Release|Any CPU
		{949E2297-CADF-481F-9F11-FE66B8CC0E5C}.Release|Any CPU.Build.0 = Release|Any CPU
		{CB8EEB6D-81B0-433D-A8FC-D9E9CB6F7D5E}.Debug|Any CPU.ActiveCfg = Debug|Any CPU
		{CB8EEB6D-81B0-433D-A8FC-D9E9CB6F7D5E}.Debug|Any CPU.Build.0 = Debug|Any CPU
		{CB8EEB6D-81B0-433D-A8FC-D9E9CB6F7D5E}.Release|Any CPU.ActiveCfg = Release|Any CPU
		{CB8EEB6D-81B0-433D-A8FC-D9E9CB6F7D5E}.Release|Any CPU.Build.0 = Release|Any CPU
		{C8C8C475-A5F9-4414-920F-19DBED5B4753}.Debug|Any CPU.ActiveCfg = Debug|Any CPU
		{C8C8C475-A5F9-4414-920F-19DBED5B4753}.Debug|Any CPU.Build.0 = Debug|Any CPU
		{C8C8C475-A5F9-4414-920F-19DBED5B4753}.Release|Any CPU.ActiveCfg = Release|Any CPU
		{C8C8C475-A5F9-4414-920F-19DBED5B4753}.Release|Any CPU.Build.0 = Release|Any CPU
		{F6CFB6CB-6A8F-4566-81A2-28E78B0AA789}.Debug|Any CPU.ActiveCfg = Debug|Any CPU
		{F6CFB6CB-6A8F-4566-81A2-28E78B0AA789}.Debug|Any CPU.Build.0 = Debug|Any CPU
		{F6CFB6CB-6A8F-4566-81A2-28E78B0AA789}.Release|Any CPU.ActiveCfg = Release|Any CPU
		{F6CFB6CB-6A8F-4566-81A2-28E78B0AA789}.Release|Any CPU.Build.0 = Release|Any CPU
		{61FB3D9A-B78F-4B01-9301-86D20DE48B6A}.Debug|Any CPU.ActiveCfg = Debug|Any CPU
		{61FB3D9A-B78F-4B01-9301-86D20DE48B6A}.Debug|Any CPU.Build.0 = Debug|Any CPU
		{61FB3D9A-B78F-4B01-9301-86D20DE48B6A}.Release|Any CPU.ActiveCfg = Release|Any CPU
		{61FB3D9A-B78F-4B01-9301-86D20DE48B6A}.Release|Any CPU.Build.0 = Release|Any CPU
		{445BFD14-E6B2-4D0F-B95D-85DA44625F81}.Debug|Any CPU.ActiveCfg = Debug|Any CPU
		{445BFD14-E6B2-4D0F-B95D-85DA44625F81}.Debug|Any CPU.Build.0 = Debug|Any CPU
		{445BFD14-E6B2-4D0F-B95D-85DA44625F81}.Release|Any CPU.ActiveCfg = Release|Any CPU
		{445BFD14-E6B2-4D0F-B95D-85DA44625F81}.Release|Any CPU.Build.0 = Release|Any CPU
		{EE749B3F-4765-4FDC-B00E-F16C71BA12D6}.Debug|Any CPU.ActiveCfg = Debug|Any CPU
		{EE749B3F-4765-4FDC-B00E-F16C71BA12D6}.Debug|Any CPU.Build.0 = Debug|Any CPU
		{EE749B3F-4765-4FDC-B00E-F16C71BA12D6}.Release|Any CPU.ActiveCfg = Release|Any CPU
		{EE749B3F-4765-4FDC-B00E-F16C71BA12D6}.Release|Any CPU.Build.0 = Release|Any CPU
		{F31ADC0A-2392-420A-862A-07D03F7B387A}.Debug|Any CPU.ActiveCfg = Debug|Any CPU
		{F31ADC0A-2392-420A-862A-07D03F7B387A}.Debug|Any CPU.Build.0 = Debug|Any CPU
		{F31ADC0A-2392-420A-862A-07D03F7B387A}.Release|Any CPU.ActiveCfg = Release|Any CPU
		{F31ADC0A-2392-420A-862A-07D03F7B387A}.Release|Any CPU.Build.0 = Release|Any CPU
		{59231A63-4140-42FE-A2F8-8D89E16D70B7}.Debug|Any CPU.ActiveCfg = Debug|Any CPU
		{59231A63-4140-42FE-A2F8-8D89E16D70B7}.Debug|Any CPU.Build.0 = Debug|Any CPU
		{59231A63-4140-42FE-A2F8-8D89E16D70B7}.Release|Any CPU.ActiveCfg = Release|Any CPU
		{59231A63-4140-42FE-A2F8-8D89E16D70B7}.Release|Any CPU.Build.0 = Release|Any CPU
		{3F254534-8490-4DD6-BC95-A272C715614F}.Debug|Any CPU.ActiveCfg = Debug|Any CPU
		{3F254534-8490-4DD6-BC95-A272C715614F}.Debug|Any CPU.Build.0 = Debug|Any CPU
		{3F254534-8490-4DD6-BC95-A272C715614F}.Release|Any CPU.ActiveCfg = Release|Any CPU
		{3F254534-8490-4DD6-BC95-A272C715614F}.Release|Any CPU.Build.0 = Release|Any CPU
		{1965A8EE-52DA-4E69-93CF-B509627616BF}.Debug|Any CPU.ActiveCfg = Debug|Any CPU
		{1965A8EE-52DA-4E69-93CF-B509627616BF}.Debug|Any CPU.Build.0 = Debug|Any CPU
		{1965A8EE-52DA-4E69-93CF-B509627616BF}.Release|Any CPU.ActiveCfg = Release|Any CPU
		{1965A8EE-52DA-4E69-93CF-B509627616BF}.Release|Any CPU.Build.0 = Release|Any CPU
		{0802FC45-B1E7-44F9-8F2A-D43C6A3A2CD0}.Debug|Any CPU.ActiveCfg = Debug|Any CPU
		{0802FC45-B1E7-44F9-8F2A-D43C6A3A2CD0}.Debug|Any CPU.Build.0 = Debug|Any CPU
		{0802FC45-B1E7-44F9-8F2A-D43C6A3A2CD0}.Release|Any CPU.ActiveCfg = Release|Any CPU
		{0802FC45-B1E7-44F9-8F2A-D43C6A3A2CD0}.Release|Any CPU.Build.0 = Release|Any CPU
	EndGlobalSection
	GlobalSection(NestedProjects) = preSolution
	EndGlobalSection
EndGlobal
